
Microsoft Visual Studio Solution File, Format Version 12.00
# Visual Studio Version 16
VisualStudioVersion = 16.0.31112.23
MinimumVisualStudioVersion = 10.0.40219.1
Project("{FAE04EC0-301F-11D3-BF4B-00C04F79EFBC}") = "ZBC_OOP_Square", "ZBC_OOP_Square\ZBC_OOP_Square.csproj", "{3C03C36C-D0BA-41B7-AA0E-AD6BBD272EDD}"
EndProject
Global
	GlobalSection(SolutionConfigurationPlatforms) = preSolution
		Debug|Any CPU = Debug|Any CPU
		Release|Any CPU = Release|Any CPU
	EndGlobalSection
	GlobalSection(ProjectConfigurationPlatforms) = postSolution
		{3C03C36C-D0BA-41B7-AA0E-AD6BBD272EDD}.Debug|Any CPU.ActiveCfg = Debug|Any CPU
		{3C03C36C-D0BA-41B7-AA0E-AD6BBD272EDD}.Debug|Any CPU.Build.0 = Debug|Any CPU
		{3C03C36C-D0BA-41B7-AA0E-AD6BBD272EDD}.Release|Any CPU.ActiveCfg = Release|Any CPU
		{3C03C36C-D0BA-41B7-AA0E-AD6BBD272EDD}.Release|Any CPU.Build.0 = Release|Any CPU
	EndGlobalSection
	GlobalSection(SolutionProperties) = preSolution
		HideSolutionNode = FALSE
	EndGlobalSection
	GlobalSection(ExtensibilityGlobals) = postSolution
		SolutionGuid = {024F9624-B45D-490C-9640-8C7B3C3C27A8}
	EndGlobalSection
EndGlobal
